{
  "version": "4",
  "specifiers": {
    "npm:zod@^3.25.67": "3.25.67"
  },
  "npm": {
    "zod@3.25.67": {
      "integrity": "sha512-idA2YXwpCdqUSKRCACDE6ItZD9TZzy3OZMtpfLoh6oPR47lipysRrJfjzMqFxQ3uJuUPyUeWe1r9vLH33xO/Qw=="
    }
  },
  "workspace": {
    "dependencies": [
      "npm:zod@^3.25.67"
    ]
  }
}
