{
  "version": "4",
  "specifiers": {
    "npm:zod@^3.25.56": "3.25.56"
  },
  "npm": {
    "zod@3.25.56": {
      "integrity": "sha512-rd6eEF3BTNvQnR2e2wwolfTmUTnp70aUTqr0oaGbHifzC3BKJsoV+Gat8vxUMR1hwOKBs6El+qWehrHbCpW6SQ=="
    }
  },
  "workspace": {
    "dependencies": [
      "npm:zod@^3.25.56"
    ]
  }
}
